// !$*UTF8*$!
{
	archiveVersion = 1;
	classes = {
	};
	objectVersion = 50;
	objects = {

/* Begin PBXBuildFile section */
		850FB09D20F49C5500046965 /* AppDelegate.swift in Sources */ = {isa = PBXBuildFile; fileRef = 850FB09C20F49C5500046965 /* AppDelegate.swift */; };
		850FB09F20F49C5500046965 /* art.scnassets in Resources */ = {isa = PBXBuildFile; fileRef = 850FB09E20F49C5500046965 /* art.scnassets */; };
		850FB0A120F49C5500046965 /* ViewController.swift in Sources */ = {isa = PBXBuildFile; fileRef = 850FB0A020F49C5500046965 /* ViewController.swift */; };
		850FB0A420F49C5500046965 /* Main.storyboard in Resources */ = {isa = PBXBuildFile; fileRef = 850FB0A220F49C5500046965 /* Main.storyboard */; };
		850FB0A620F49C5600046965 /* Assets.xcassets in Resources */ = {isa = PBXBuildFile; fileRef = 850FB0A520F49C5600046965 /* Assets.xcassets */; };
		850FB0A920F49C5600046965 /* LaunchScreen.storyboard in Resources */ = {isa = PBXBuildFile; fileRef = 850FB0A720F49C5600046965 /* LaunchScreen.storyboard */; };
/* End PBXBuildFile section */

/* Begin PBXFileReference section */
		850FB09920F49C5500046965 /* arangeIrregularPlanDetection.app */ = {isa = PBXFileReference; explicitFileType = wrapper.application; includeInIndex = 0; path = arangeIrregularPlanDetection.app; sourceTree = BUILT_PRODUCTS_DIR; };
		850FB09C20F49C5500046965 /* AppDelegate.swift */ = {isa = PBXFileReference; lastKnownFileType = sourcecode.swift; path = AppDelegate.swift; sourceTree = "<group>"; };
		850FB09E20F49C5500046965 /* art.scnassets */ = {isa = PBXFileReference; lastKnownFileType = wrapper.scnassets; path = art.scnassets; sourceTree = "<group>"; };
		850FB0A020F49C5500046965 /* ViewController.swift */ = {isa = PBXFileReference; lastKnownFileType = sourcecode.swift; path = ViewController.swift; sourceTree = "<group>"; };
		850FB0A320F49C5500046965 /* Base */ = {isa = PBXFileReference; lastKnownFileType = file.storyboard; name = Base; path = Base.lproj/Main.storyboard; sourceTree = "<group>"; };
		850FB0A520F49C5600046965 /* Assets.xcassets */ = {isa = PBXFileReference; lastKnownFileType = folder.assetcatalog; path = Assets.xcassets; sourceTree = "<group>"; };
		850FB0A820F49C5600046965 /* Base */ = {isa = PBXFileReference; lastKnownFileType = file.storyboard; name = Base; path = Base.lproj/LaunchScreen.storyboard; sourceTree = "<group>"; };
		850FB0AA20F49C5600046965 /* Info.plist */ = {isa = PBXFileReference; lastKnownFileType = text.plist.xml; path = Info.plist; sourceTree = "<group>"; };
/* End PBXFileReference section */

/* Begin PBXFrameworksBuildPhase section */
		850FB09620F49C5500046965 /* Frameworks */ = {
			isa = PBXFrameworksBuildPhase;
			buildActionMask = 2147483647;
			files = (
			);
			runOnlyForDeploymentPostprocessing = 0;
		};
/* End PBXFrameworksBuildPhase section */

/* Begin PBXGroup section */
		850FB09020F49C5500046965 = {
			isa = PBXGroup;
			children = (
				850FB09B20F49C5500046965 /* arangeIrregularPlanDetection */,
				850FB09A20F49C5500046965 /* Products */,
			);
			sourceTree = "<group>";
		};
		850FB09A20F49C5500046965 /* Products */ = {
			isa = PBXGroup;
			children = (
				850FB09920F49C5500046965 /* arangeIrregularPlanDetection.app */,
			);
			name = Products;
			sourceTree = "<group>";
		};
		850FB09B20F49C5500046965 /* arangeIrregularPlanDetection */ = {
			isa = PBXGroup;
			children = (
				850FB09C20F49C5500046965 /* AppDelegate.swift */,
				850FB09E20F49C5500046965 /* art.scnassets */,
				850FB0A020F49C5500046965 /* ViewController.swift */,
				850FB0A220F49C5500046965 /* Main.storyboard */,
				850FB0A520F49C5600046965 /* Assets.xcassets */,
				850FB0A720F49C5600046965 /* LaunchScreen.storyboard */,
				850FB0AA20F49C5600046965 /* Info.plist */,
			);
			path = arangeIrregularPlanDetection;
			sourceTree = "<group>";
		};
/* End PBXGroup section */

/* Begin PBXNativeTarget section */
		850FB09820F49C5500046965 /* arangeIrregularPlanDetection */ = {
			isa = PBXNativeTarget;
			buildConfigurationList = 850FB0AD20F49C5600046965 /* Build configuration list for PBXNativeTarget "arangeIrregularPlanDetection" */;
			buildPhases = (
				850FB09520F49C5500046965 /* Sources */,
				850FB09620F49C5500046965 /* Frameworks */,
				850FB09720F49C5500046965 /* Resources */,
			);
			buildRules = (
			);
			dependencies = (
			);
			name = arangeIrregularPlanDetection;
			productName = arangeIrregularPlanDetection;
			productReference = 850FB09920F49C5500046965 /* arangeIrregularPlanDetection.app */;
			productType = "com.apple.product-type.application";
		};
/* End PBXNativeTarget section */

/* Begin PBXProject section */
		850FB09120F49C5500046965 /* Project object */ = {
			isa = PBXProject;
			attributes = {
				LastSwiftUpdateCheck = 0940;
				LastUpgradeCheck = 0940;
				ORGANIZATIONNAME = "Adrien Bigler";
				TargetAttributes = {
					850FB09820F49C5500046965 = {
						CreatedOnToolsVersion = 9.4.1;
					};
				};
			};
			buildConfigurationList = 850FB09420F49C5500046965 /* Build configuration list for PBXProject "arangeIrregularPlanDetection" */;
			compatibilityVersion = "Xcode 9.3";
			developmentRegion = en;
			hasScannedForEncodings = 0;
			knownRegions = (
				en,
				Base,
			);
			mainGroup = 850FB09020F49C5500046965;
			productRefGroup = 850FB09A20F49C5500046965 /* Products */;
			projectDirPath = "";
			projectRoot = "";
			targets = (
				850FB09820F49C5500046965 /* arangeIrregularPlanDetection */,
			);
		};
/* End PBXProject section */

/* Begin PBXResourcesBuildPhase section */
		850FB09720F49C5500046965 /* Resources */ = {
			isa = PBXResourcesBuildPhase;
			buildActionMask = 2147483647;
			files = (
				850FB09F20F49C5500046965 /* art.scnassets in Resources */,
				850FB0A920F49C5600046965 /* LaunchScreen.storyboard in Resources */,
				850FB0A620F49C5600046965 /* Assets.xcassets in Resources */,
				850FB0A420F49C5500046965 /* Main.storyboard in Resources */,
			);
			runOnlyForDeploymentPostprocessing = 0;
		};
/* End PBXResourcesBuildPhase section */

/* Begin PBXSourcesBuildPhase section */
		850FB09520F49C5500046965 /* Sources */ = {
			isa = PBXSourcesBuildPhase;
			buildActionMask = 2147483647;
			files = (
				850FB0A120F49C5500046965 /* ViewController.swift in Sources */,
				850FB09D20F49C5500046965 /* AppDelegate.swift in Sources */,
			);
			runOnlyForDeploymentPostprocessing = 0;
		};
/* End PBXSourcesBuildPhase section */

/* Begin PBXVariantGroup section */
		850FB0A220F49C5500046965 /* Main.storyboard */ = {
			isa = PBXVariantGroup;
			children = (
				850FB0A320F49C5500046965 /* Base */,
			);
			name = Main.storyboard;
			sourceTree = "<group>";
		};
		850FB0A720F49C5600046965 /* LaunchScreen.storyboard */ = {
			isa = PBXVariantGroup;
			children = (
				850FB0A820F49C5600046965 /* Base */,
			);
			name = LaunchScreen.storyboard;
			sourceTree = "<group>";
		};
/* End PBXVariantGroup section */

/* Begin XCBuildConfiguration section */
		850FB0AB20F49C5600046965 /* Debug */ = {
			isa = XCBuildConfiguration;
			buildSettings = {
				ALWAYS_SEARCH_USER_PATHS = NO;
				CLANG_ANALYZER_NONNULL = YES;
				CLANG_ANALYZER_NUMBER_OBJECT_CONVERSION = YES_AGGRESSIVE;
				CLANG_CXX_LANGUAGE_STANDARD = "gnu++14";
				CLANG_CXX_LIBRARY = "libc++";
				CLANG_ENABLE_MODULES = YES;
				CLANG_ENABLE_OBJC_ARC = YES;
				CLANG_ENABLE_OBJC_WEAK = YES;
				CLANG_WARN_BLOCK_CAPTURE_AUTORELEASING = YES;
				CLANG_WARN_BOOL_CONVERSION = YES;
				CLANG_WARN_COMMA = YES;
				CLANG_WARN_CONSTANT_CONVERSION = YES;
				CLANG_WARN_DEPRECATED_OBJC_IMPLEMENTATIONS = YES;
				CLANG_WARN_DIRECT_OBJC_ISA_USAGE = YES_ERROR;
				CLANG_WARN_DOCUMENTATION_COMMENTS = YES;
				CLANG_WARN_EMPTY_BODY = YES;
				CLANG_WARN_ENUM_CONVERSION = YES;
				CLANG_WARN_INFINITE_RECURSION = YES;
				CLANG_WARN_INT_CONVERSION = YES;
				CLANG_WARN_NON_LITERAL_NULL_CONVERSION = YES;
				CLANG_WARN_OBJC_IMPLICIT_RETAIN_SELF = YES;
				CLANG_WARN_OBJC_LITERAL_CONVERSION = YES;
				CLANG_WARN_OBJC_ROOT_CLASS = YES_ERROR;
				CLANG_WARN_RANGE_LOOP_ANALYSIS = YES;
				CLANG_WARN_STRICT_PROTOTYPES = YES;
				CLANG_WARN_SUSPICIOUS_MOVE = YES;
				CLANG_WARN_UNGUARDED_AVAILABILITY = YES_AGGRESSIVE;
				CLANG_WARN_UNREACHABLE_CODE = YES;
				CLANG_WARN__DUPLICATE_METHOD_MATCH = YES;
				CODE_SIGN_IDENTITY = "iPhone Developer";
				COPY_PHASE_STRIP = NO;
				DEBUG_INFORMATION_FORMAT = dwarf;
				ENABLE_STRICT_OBJC_MSGSEND = YES;
				ENABLE_TESTABILITY = YES;
				GCC_C_LANGUAGE_STANDARD = gnu11;
				GCC_DYNAMIC_NO_PIC = NO;
				GCC_NO_COMMON_BLOCKS = YES;
				GCC_OPTIMIZATION_LEVEL = 0;
				GCC_PREPROCESSOR_DEFINITIONS = (
					"DEBUG=1",
					"$(inherited)",
				);
				GCC_WARN_64_TO_32_BIT_CONVERSION = YES;
				GCC_WARN_ABOUT_RETURN_TYPE = YES_ERROR;
				GCC_WARN_UNDECLARED_SELECTOR = YES;
				GCC_WARN_UNINITIALIZED_AUTOS = YES_AGGRESSIVE;
				GCC_WARN_UNUSED_FUNCTION = YES;
				GCC_WARN_UNUSED_VARIABLE = YES;
				IPHONEOS_DEPLOYMENT_TARGET = 11.4;
				MTL_ENABLE_DEBUG_INFO = YES;
				ONLY_ACTIVE_ARCH = YES;
				SDKROOT = iphoneos;
				SWIFT_ACTIVE_COMPILATION_CONDITIONS = DEBUG;
				SWIFT_OPTIMIZATION_LEVEL = "-Onone";
			};
			name = Debug;
		};
		850FB0AC20F49C5600046965 /* Release */ = {
			isa = XCBuildConfiguration;
			buildSettings = {
				ALWAYS_SEARCH_USER_PATHS = NO;
				CLANG_ANALYZER_NONNULL = YES;
				CLANG_ANALYZER_NUMBER_OBJECT_CONVERSION = YES_AGGRESSIVE;
				CLANG_CXX_LANGUAGE_STANDARD = "gnu++14";
				CLANG_CXX_LIBRARY = "libc++";
				CLANG_ENABLE_MODULES = YES;
				CLANG_ENABLE_OBJC_ARC = YES;
				CLANG_ENABLE_OBJC_WEAK = YES;
				CLANG_WARN_BLOCK_CAPTURE_AUTORELEASING = YES;
				CLANG_WARN_BOOL_CONVERSION = YES;
				CLANG_WARN_COMMA = YES;
				CLANG_WARN_CONSTANT_CONVERSION = YES;
				CLANG_WARN_DEPRECATED_OBJC_IMPLEMENTATIONS = YES;
				CLANG_WARN_DIRECT_OBJC_ISA_USAGE = YES_ERROR;
				CLANG_WARN_DOCUMENTATION_COMMENTS = YES;
				CLANG_WARN_EMPTY_BODY = YES;
				CLANG_WARN_ENUM_CONVERSION = YES;
				CLANG_WARN_INFINITE_RECURSION = YES;
				CLANG_WARN_INT_CONVERSION = YES;
				CLANG_WARN_NON_LITERAL_NULL_CONVERSION = YES;
				CLANG_WARN_OBJC_IMPLICIT_RETAIN_SELF = YES;
				CLANG_WARN_OBJC_LITERAL_CONVERSION = YES;
				CLANG_WARN_OBJC_ROOT_CLASS = YES_ERROR;
				CLANG_WARN_RANGE_LOOP_ANALYSIS = YES;
				CLANG_WARN_STRICT_PROTOTYPES = YES;
				CLANG_WARN_SUSPICIOUS_MOVE = YES;
				CLANG_WARN_UNGUARDED_AVAILABILITY = YES_AGGRESSIVE;
				CLANG_WARN_UNREACHABLE_CODE = YES;
				CLANG_WARN__DUPLICATE_METHOD_MATCH = YES;
				CODE_SIGN_IDENTITY = "iPhone Developer";
				COPY_PHASE_STRIP = NO;
				DEBUG_INFORMATION_FORMAT = "dwarf-with-dsym";
				ENABLE_NS_ASSERTIONS = NO;
				ENABLE_STRICT_OBJC_MSGSEND = YES;
				GCC_C_LANGUAGE_STANDARD = gnu11;
				GCC_NO_COMMON_BLOCKS = YES;
				GCC_WARN_64_TO_32_BIT_CONVERSION = YES;
				GCC_WARN_ABOUT_RETURN_TYPE = YES_ERROR;
				GCC_WARN_UNDECLARED_SELECTOR = YES;
				GCC_WARN_UNINITIALIZED_AUTOS = YES_AGGRESSIVE;
				GCC_WARN_UNUSED_FUNCTION = YES;
				GCC_WARN_UNUSED_VARIABLE = YES;
				IPHONEOS_DEPLOYMENT_TARGET = 11.4;
				MTL_ENABLE_DEBUG_INFO = NO;
				SDKROOT = iphoneos;
				SWIFT_COMPILATION_MODE = wholemodule;
				SWIFT_OPTIMIZATION_LEVEL = "-O";
				VALIDATE_PRODUCT = YES;
			};
			name = Release;
		};
		850FB0AE20F49C5600046965 /* Debug */ = {
			isa = XCBuildConfiguration;
			buildSettings = {
				ASSETCATALOG_COMPILER_APPICON_NAME = AppIcon;
				CODE_SIGN_STYLE = Automatic;
				DEVELOPMENT_TEAM = DM96R938S8;
				INFOPLIST_FILE = arangeIrregularPlanDetection/Info.plist;
				LD_RUNPATH_SEARCH_PATHS = (
					"$(inherited)",
					"@executable_path/Frameworks",
				);
				PRODUCT_BUNDLE_IDENTIFIER = mei.arangeIrregularPlanDetection;
				PRODUCT_NAME = "$(TARGET_NAME)";
				SWIFT_VERSION = 4.0;
				TARGETED_DEVICE_FAMILY = "1,2";
			};
			name = Debug;
		};
		850FB0AF20F49C5600046965 /* Release */ = {
			isa = XCBuildConfiguration;
			buildSettings = {
				ASSETCATALOG_COMPILER_APPICON_NAME = AppIcon;
				CODE_SIGN_STYLE = Automatic;
				DEVELOPMENT_TEAM = DM96R938S8;
				INFOPLIST_FILE = arangeIrregularPlanDetection/Info.plist;
				LD_RUNPATH_SEARCH_PATHS = (
					"$(inherited)",
					"@executable_path/Frameworks",
				);
				PRODUCT_BUNDLE_IDENTIFIER = mei.arangeIrregularPlanDetection;
				PRODUCT_NAME = "$(TARGET_NAME)";
				SWIFT_VERSION = 4.0;
				TARGETED_DEVICE_FAMILY = "1,2";
			};
			name = Release;
		};
/* End XCBuildConfiguration section */

/* Begin XCConfigurationList section */
		850FB09420F49C5500046965 /* Build configuration list for PBXProject "arangeIrregularPlanDetection" */ = {
			isa = XCConfigurationList;
			buildConfigurations = (
				850FB0AB20F49C5600046965 /* Debug */,
				850FB0AC20F49C5600046965 /* Release */,
			);
			defaultConfigurationIsVisible = 0;
			defaultConfigurationName = Release;
		};
		850FB0AD20F49C5600046965 /* Build configuration list for PBXNativeTarget "arangeIrregularPlanDetection" */ = {
			isa = XCConfigurationList;
			buildConfigurations = (
				850FB0AE20F49C5600046965 /* Debug */,
				850FB0AF20F49C5600046965 /* Release */,
			);
			defaultConfigurationIsVisible = 0;
			defaultConfigurationName = Release;
		};
/* End XCConfigurationList section */
	};
	rootObject = 850FB09120F49C5500046965 /* Project object */;
}
